{
  "version": 4,
  "terraform_version": "0.12.29",
  "serial": 9,
  "lineage": "a94e36d4-6e55-a6a2-6902-c65566f8a9b3",
  "outputs": {
    "search_service_primary_key": {
      "value": "2370761AAEAF0EBEEB48D6FA8D60CF15",
      "type": "string"
    }
  },
  "resources": [
    {
      "mode": "managed",
      "type": "azurerm_resource_group",
      "name": "rg",
      "provider": "provider.azurerm",
      "instances": [
        {
          "schema_version": 0,
          "attributes": {
            "id": "/subscriptions/9121c725-4066-453a-874b-4fb3bc29e4a2/resourceGroups/cognitive-search-rg-poc",
            "location": "westeurope",
            "name": "cognitive-search-rg-poc",
            "tags": null,
            "timeouts": null
          },
          "private": "eyJlMmJmYjczMC1lY2FhLTExZTYtOGY4OC0zNDM2M2JjN2M0YzAiOnsiY3JlYXRlIjo1NDAwMDAwMDAwMDAwLCJkZWxldGUiOjU0MDAwMDAwMDAwMDAsInJlYWQiOjMwMDAwMDAwMDAwMCwidXBkYXRlIjo1NDAwMDAwMDAwMDAwfX0="
        }
      ]
    },
    {
      "mode": "managed",
      "type": "azurerm_search_service",
      "name": "search",
      "provider": "provider.azurerm",
      "instances": [
        {
          "schema_version": 0,
          "attributes": {
            "id": "/subscriptions/9121c725-4066-453a-874b-4fb3bc29e4a2/resourceGroups/cognitive-search-rg-poc/providers/Microsoft.Search/searchServices/cognitive-search-as-poc",
            "location": "westeurope",
            "name": "cognitive-search-as-poc",
            "partition_count": 1,
            "primary_key": "2370761AAEAF0EBEEB48D6FA8D60CF15",
            "public_network_access_enabled": true,
            "query_keys": [
              {
                "key": "F300B619A54BC95D48E359EADD61A9D9",
                "name": ""
              }
            ],
            "replica_count": 3,
            "resource_group_name": "cognitive-search-rg-poc",
            "secondary_key": "594DFF4B8963E0D683FBEEA6201B40A3",
            "sku": "standard2",
            "tags": null,
            "timeouts": null
          },
          "private": "eyJlMmJmYjczMC1lY2FhLTExZTYtOGY4OC0zNDM2M2JjN2M0YzAiOnsiY3JlYXRlIjoxODAwMDAwMDAwMDAwLCJkZWxldGUiOjE4MDAwMDAwMDAwMDAsInJlYWQiOjMwMDAwMDAwMDAwMCwidXBkYXRlIjoxODAwMDAwMDAwMDAwfX0=",
          "dependencies": [
            "azurerm_resource_group.rg"
          ]
        }
      ]
    }
  ]
}
