{
  "version": 4,
  "terraform_version": "0.12.29",
  "serial": 3,
  "lineage": "a94e36d4-6e55-a6a2-6902-c65566f8a9b3",
  "outputs": {},
  "resources": [
    {
      "mode": "managed",
      "type": "azurerm_resource_group",
      "name": "rg",
      "provider": "provider.azurerm",
      "instances": [
        {
          "schema_version": 0,
          "attributes": {
            "id": "/subscriptions/9121c725-4066-453a-874b-4fb3bc29e4a2/resourceGroups/azure-search-poc",
            "location": "westeurope",
            "name": "azure-search-poc",
            "tags": null,
            "timeouts": null
          },
          "private": "eyJlMmJmYjczMC1lY2FhLTExZTYtOGY4OC0zNDM2M2JjN2M0YzAiOnsiY3JlYXRlIjo1NDAwMDAwMDAwMDAwLCJkZWxldGUiOjU0MDAwMDAwMDAwMDAsInJlYWQiOjMwMDAwMDAwMDAwMCwidXBkYXRlIjo1NDAwMDAwMDAwMDAwfX0="
        }
      ]
    }
  ]
}
